<?xml version="1.0" encoding="utf-8"?>
<Project ToolsVersion="4.0" xmlns="http://schemas.microsoft.com/developer/msbuild/2003">
  <ItemGroup>
    <Filter Include="Source Files">
      <UniqueIdentifier>{4FC737F1-C7A5-4376-A066-2A32D752A2FF}</UniqueIdentifier>
      <Extensions>cpp;c;cc;cxx;def;odl;idl;hpj;bat;asm;asmx</Extensions>
    </Filter>
    <Filter Include="Header Files">
      <UniqueIdentifier>{93995380-89BD-4b04-88EB-625FBE52EBFB}</UniqueIdentifier>
      <Extensions>h;hh;hpp;hxx;hm;inl;inc;ipp;xsd</Extensions>
    </Filter>
    <Filter Include="Resource Files">
      <UniqueIdentifier>{67DA6AB6-F800-4c08-8B7A-83BB121AAD01}</UniqueIdentifier>
      <Extensions>rc;ico;cur;bmp;dlg;rc2;rct;bin;rgs;gif;jpg;jpeg;jpe;resx;tiff;tif;png;wav;mfcribbon-ms</Extensions>
    </Filter>
    <Filter Include="Header Files\unit_tests">
      <UniqueIdentifier>{cc5f1382-89b4-482f-8a3a-45002821ff5c}</UniqueIdentifier>
    </Filter>
    <Filter Include="Source Files\unit_tests">
      <UniqueIdentifier>{6a2d0c43-f67e-4e8b-893c-cfab680fb31a}</UniqueIdentifier>
    </Filter>
  </ItemGroup>
  <ItemGroup>
    <ClInclude Include="pch.h">
      <Filter>Header Files</Filter>
    </ClInclude>
    <ClInclude Include="L_BlockChain.h">
      <Filter>Header Files</Filter>
    </ClInclude>
    <ClInclude Include="L_Block.h">
      <Filter>Header Files</Filter>
    </ClInclude>
    <ClInclude Include="IData.h">
      <Filter>Header Files</Filter>
    </ClInclude>
    <ClInclude Include="L_YourNode.h">
      <Filter>Header Files</Filter>
    </ClInclude>
    <ClInclude Include="L_Data.h">
      <Filter>Header Files</Filter>
    </ClInclude>
    <ClInclude Include="L_Tester.h">
      <Filter>Header Files\unit_tests</Filter>
    </ClInclude>
  </ItemGroup>
  <ItemGroup>
    <ClCompile Include="pch.cpp">
      <Filter>Source Files</Filter>
    </ClCompile>
    <ClCompile Include="LegacyBlockChain.cpp">
      <Filter>Source Files</Filter>
    </ClCompile>
    <ClCompile Include="L_BlockChain.cpp">
      <Filter>Source Files</Filter>
    </ClCompile>
    <ClCompile Include="L_Block.cpp">
      <Filter>Source Files</Filter>
    </ClCompile>
    <ClCompile Include="IData.cpp">
      <Filter>Source Files</Filter>
    </ClCompile>
    <ClCompile Include="L_YourNode.cpp">
      <Filter>Source Files</Filter>
    </ClCompile>
    <ClCompile Include="L_Data.cpp">
      <Filter>Source Files</Filter>
    </ClCompile>
    <ClCompile Include="L_Tester.cpp">
      <Filter>Source Files\unit_tests</Filter>
    </ClCompile>
  </ItemGroup>
</Project>